
Microsoft Visual Studio Solution File, Format Version 12.00
# Visual Studio Version 17
VisualStudioVersion = 17.3.32929.385
MinimumVisualStudioVersion = 10.0.40219.1
Project("{FAE04EC0-301F-11D3-BF4B-00C04F79EFBC}") = "ContosoUniversity", "ContosoUniversity.csproj", "{468A034B-AF36-4302-BA56-D5FC52508D5D}"
EndProject
Global
	GlobalSection(SolutionConfigurationPlatforms) = preSolution
		Debug|Any CPU = Debug|Any CPU
		Release|Any CPU = Release|Any CPU
	EndGlobalSection
	GlobalSection(ProjectConfigurationPlatforms) = postSolution
		{468A034B-AF36-4302-BA56-D5FC52508D5D}.Debug|Any CPU.ActiveCfg = Debug|Any CPU
		{468A034B-AF36-4302-BA56-D5FC52508D5D}.Debug|Any CPU.Build.0 = Debug|Any CPU
		{468A034B-AF36-4302-BA56-D5FC52508D5D}.Release|Any CPU.ActiveCfg = Release|Any CPU
		{468A034B-AF36-4302-BA56-D5FC52508D5D}.Release|Any CPU.Build.0 = Release|Any CPU
	EndGlobalSection
	GlobalSection(SolutionProperties) = preSolution
		HideSolutionNode = FALSE
	EndGlobalSection
	GlobalSection(ExtensibilityGlobals) = postSolution
		SolutionGuid = {5871B69B-2388-4B5E-930E-17ED7529F0C2}
	EndGlobalSection
EndGlobal
